
Microsoft Visual Studio Solution File, Format Version 12.00
# Visual Studio Version 16
VisualStudioVersion = 16.0.32413.511
MinimumVisualStudioVersion = 10.0.40219.1
Project("{FAE04EC0-301F-11D3-BF4B-00C04F79EFBC}") = "P228StartBootstrapFrontToBack", "P228StartBootstrapFrontToBack\P228StartBootstrapFrontToBack.csproj", "{2F0B7BA9-7881-4D28-8BCA-28135867D6EC}"
EndProject
Global
	GlobalSection(SolutionConfigurationPlatforms) = preSolution
		Debug|Any CPU = Debug|Any CPU
		Release|Any CPU = Release|Any CPU
	EndGlobalSection
	GlobalSection(ProjectConfigurationPlatforms) = postSolution
		{2F0B7BA9-7881-4D28-8BCA-28135867D6EC}.Debug|Any CPU.ActiveCfg = Debug|Any CPU
		{2F0B7BA9-7881-4D28-8BCA-28135867D6EC}.Debug|Any CPU.Build.0 = Debug|Any CPU
		{2F0B7BA9-7881-4D28-8BCA-28135867D6EC}.Release|Any CPU.ActiveCfg = Release|Any CPU
		{2F0B7BA9-7881-4D28-8BCA-28135867D6EC}.Release|Any CPU.Build.0 = Release|Any CPU
	EndGlobalSection
	GlobalSection(SolutionProperties) = preSolution
		HideSolutionNode = FALSE
	EndGlobalSection
	GlobalSection(ExtensibilityGlobals) = postSolution
		SolutionGuid = {1864A9C2-0C18-4DEC-99D5-3879FAB1DF8A}
	EndGlobalSection
EndGlobal
